<?xml version="1.0" encoding="utf-8"?>
<Project ToolsVersion="4.0" xmlns="http://schemas.microsoft.com/developer/msbuild/2003">
  <ItemGroup>
    <Filter Include="Source Files">
      <UniqueIdentifier>{4FC737F1-C7A5-4376-A066-2A32D752A2FF}</UniqueIdentifier>
      <Extensions>cpp;c;cc;cxx;def;odl;idl;hpj;bat;asm;asmx</Extensions>
    </Filter>
    <Filter Include="Header Files">
      <UniqueIdentifier>{93995380-89BD-4b04-88EB-625FBE52EBFB}</UniqueIdentifier>
      <Extensions>h;hh;hpp;hxx;hm;inl;inc;xsd</Extensions>
    </Filter>
    <Filter Include="Resource Files">
      <UniqueIdentifier>{67DA6AB6-F800-4c08-8B7A-83BB121AAD01}</UniqueIdentifier>
      <Extensions>qrc;rc;ico;cur;bmp;dlg;rc2;rct;bin;rgs;gif;jpg;jpeg;jpe;resx;tiff;tif;png;wav;mfcribbon-ms</Extensions>
    </Filter>
    <Filter Include="Form Files">
      <UniqueIdentifier>{99349809-55BA-4b9d-BF79-8FDBB0286EB3}</UniqueIdentifier>
      <Extensions>ui</Extensions>
    </Filter>
    <Filter Include="Common">
      <UniqueIdentifier>{1fb096d2-0fc8-414e-a369-db57c75c2f72}</UniqueIdentifier>
    </Filter>
    <Filter Include="src">
      <UniqueIdentifier>{b6ac31f6-79ce-4cb4-96ca-a984f5130bf0}</UniqueIdentifier>
    </Filter>
    <Filter Include="src\Model">
      <UniqueIdentifier>{6b257501-a012-42cd-b7f4-b2c304c1d71a}</UniqueIdentifier>
    </Filter>
    <Filter Include="src\View">
      <UniqueIdentifier>{c6d11f4d-4ab0-4015-9edc-c2d37ead0f39}</UniqueIdentifier>
    </Filter>
    <Filter Include="src\View\ViewWithPicture">
      <UniqueIdentifier>{70f9ac45-7cc9-46d0-a44a-251d0325b5ef}</UniqueIdentifier>
    </Filter>
    <Filter Include="src\View\ViewWithoutPicture">
      <UniqueIdentifier>{20ec350e-4b18-46d5-b8ac-bce5cc316884}</UniqueIdentifier>
    </Filter>
  </ItemGroup>
  <ItemGroup>
    <ClCompile Include="main.cpp">
      <Filter>Source Files</Filter>
    </ClCompile>
    <ClCompile Include="GallowsGame.cpp">
      <Filter>src\Model</Filter>
    </ClCompile>
    <ClCompile Include="View.cpp">
      <Filter>src\View</Filter>
    </ClCompile>
    <ClCompile Include="GallowsGameWithPicture.cpp">
      <Filter>src\View\ViewWithPicture</Filter>
    </ClCompile>
    <ClCompile Include="GallowsGameWithoutPicture.cpp">
      <Filter>src\View\ViewWithoutPicture</Filter>
    </ClCompile>
    <ClCompile Include="LetterButton.cpp">
      <Filter>src\View\ViewWithPicture</Filter>
    </ClCompile>
    <ClCompile Include="AnswerLetter.cpp">
      <Filter>src\View\ViewWithPicture</Filter>
    </ClCompile>
  </ItemGroup>
  <ItemGroup>
    <QtMoc Include="GallowsGame.h">
      <Filter>src\Model</Filter>
    </QtMoc>
    <QtMoc Include="View.h">
      <Filter>src\View</Filter>
    </QtMoc>
    <QtMoc Include="GallowsGameWithPicture.h">
      <Filter>src\View\ViewWithPicture</Filter>
    </QtMoc>
    <QtMoc Include="LetterButton.h">
      <Filter>src\View\ViewWithPicture</Filter>
    </QtMoc>
    <QtMoc Include="AnswerLetter.h">
      <Filter>src\View\ViewWithPicture</Filter>
    </QtMoc>
  </ItemGroup>
  <ItemGroup>
    <None Include="cpp.hint" />
  </ItemGroup>
  <ItemGroup>
    <ClInclude Include="IGallowsGame.h">
      <Filter>src\Model</Filter>
    </ClInclude>
    <ClInclude Include="Task.h">
      <Filter>Common</Filter>
    </ClInclude>
    <ClInclude Include="Letter.h">
      <Filter>Common</Filter>
    </ClInclude>
    <ClInclude Include="GallowsGameWithoutPicture.h">
      <Filter>src\View\ViewWithoutPicture</Filter>
    </ClInclude>
  </ItemGroup>
  <ItemGroup>
    <QtUic Include="View.ui">
      <Filter>src\View</Filter>
    </QtUic>
  </ItemGroup>
  <ItemGroup>
    <QtRcc Include="View.qrc">
      <Filter>Resource Files</Filter>
    </QtRcc>
  </ItemGroup>
</Project>